
Microsoft Visual Studio Solution File, Format Version 12.00
# Visual Studio Version 16
VisualStudioVersion = 16.0.31702.278
MinimumVisualStudioVersion = 10.0.40219.1
Project("{FAE04EC0-301F-11D3-BF4B-00C04F79EFBC}") = "Desafio-Noel", "Desafio-Noel\Desafio-Noel.csproj", "{8ACEC939-5907-43F1-B64C-6269BD5CF114}"
EndProject
Global
	GlobalSection(SolutionConfigurationPlatforms) = preSolution
		Debug|Any CPU = Debug|Any CPU
		Release|Any CPU = Release|Any CPU
	EndGlobalSection
	GlobalSection(ProjectConfigurationPlatforms) = postSolution
		{8ACEC939-5907-43F1-B64C-6269BD5CF114}.Debug|Any CPU.ActiveCfg = Debug|Any CPU
		{8ACEC939-5907-43F1-B64C-6269BD5CF114}.Debug|Any CPU.Build.0 = Debug|Any CPU
		{8ACEC939-5907-43F1-B64C-6269BD5CF114}.Release|Any CPU.ActiveCfg = Release|Any CPU
		{8ACEC939-5907-43F1-B64C-6269BD5CF114}.Release|Any CPU.Build.0 = Release|Any CPU
	EndGlobalSection
	GlobalSection(SolutionProperties) = preSolution
		HideSolutionNode = FALSE
	EndGlobalSection
	GlobalSection(ExtensibilityGlobals) = postSolution
		SolutionGuid = {E8C20AAE-4442-4D0A-B05B-DB7D17895690}
	EndGlobalSection
EndGlobal
