
Microsoft Visual Studio Solution File, Format Version 12.00
# Visual Studio Version 16
VisualStudioVersion = 16.0.31702.278
MinimumVisualStudioVersion = 10.0.40219.1
Project("{FAE04EC0-301F-11D3-BF4B-00C04F79EFBC}") = "Desafio-Achar-Maior", "Desafio-Achar-Maior\Desafio-Achar-Maior.csproj", "{77A5BAFD-02C5-442B-A641-6929028DC138}"
EndProject
Global
	GlobalSection(SolutionConfigurationPlatforms) = preSolution
		Debug|Any CPU = Debug|Any CPU
		Release|Any CPU = Release|Any CPU
	EndGlobalSection
	GlobalSection(ProjectConfigurationPlatforms) = postSolution
		{77A5BAFD-02C5-442B-A641-6929028DC138}.Debug|Any CPU.ActiveCfg = Debug|Any CPU
		{77A5BAFD-02C5-442B-A641-6929028DC138}.Debug|Any CPU.Build.0 = Debug|Any CPU
		{77A5BAFD-02C5-442B-A641-6929028DC138}.Release|Any CPU.ActiveCfg = Release|Any CPU
		{77A5BAFD-02C5-442B-A641-6929028DC138}.Release|Any CPU.Build.0 = Release|Any CPU
	EndGlobalSection
	GlobalSection(SolutionProperties) = preSolution
		HideSolutionNode = FALSE
	EndGlobalSection
	GlobalSection(ExtensibilityGlobals) = postSolution
		SolutionGuid = {3AE44DF4-BC43-4B99-8EF0-965B98951419}
	EndGlobalSection
EndGlobal
